// !$*UTF8*$!
{
	archiveVersion = 1;
	classes = {
	};
	objectVersion = 56;
	objects = {

/* Begin PBXBuildFile section */
		6A3EF6F12A4CC75F00CC5F64 /* StartButtonView.swift in Sources */ = {isa = PBXBuildFile; fileRef = 6A3EF6F02A4CC75F00CC5F64 /* StartButtonView.swift */; };
		6A3EF6F32A4CCA2800CC5F64 /* OnBoardingView.swift in Sources */ = {isa = PBXBuildFile; fileRef = 6A3EF6F22A4CCA2800CC5F64 /* OnBoardingView.swift */; };
		6A3EF6F62A4CCB2500CC5F64 /* FruitModel.swift in Sources */ = {isa = PBXBuildFile; fileRef = 6A3EF6F52A4CCB2500CC5F64 /* FruitModel.swift */; };
		6A3EF6F92A4CCC0100CC5F64 /* FruitData.swift in Sources */ = {isa = PBXBuildFile; fileRef = 6A3EF6F82A4CCC0100CC5F64 /* FruitData.swift */; };
		6A3EF6FB2A4CE42E00CC5F64 /* FruitRowView.swift in Sources */ = {isa = PBXBuildFile; fileRef = 6A3EF6FA2A4CE42E00CC5F64 /* FruitRowView.swift */; };
		6A3EF6FD2A4CE75800CC5F64 /* FruitDetailView.swift in Sources */ = {isa = PBXBuildFile; fileRef = 6A3EF6FC2A4CE75800CC5F64 /* FruitDetailView.swift */; };
		6A3EF6FF2A4CE9F300CC5F64 /* FruitHeaderView.swift in Sources */ = {isa = PBXBuildFile; fileRef = 6A3EF6FE2A4CE9F300CC5F64 /* FruitHeaderView.swift */; };
		6A3EF7012A4CEC7E00CC5F64 /* SourceLinkView.swift in Sources */ = {isa = PBXBuildFile; fileRef = 6A3EF7002A4CEC7E00CC5F64 /* SourceLinkView.swift */; };
		6A3EF7032A4CEE8F00CC5F64 /* FruitNutrientsView.swift in Sources */ = {isa = PBXBuildFile; fileRef = 6A3EF7022A4CEE8F00CC5F64 /* FruitNutrientsView.swift */; };
		6A3EF7052A4CF1B500CC5F64 /* SettingsView.swift in Sources */ = {isa = PBXBuildFile; fileRef = 6A3EF7042A4CF1B500CC5F64 /* SettingsView.swift */; };
		6A3EF7072A4CF5ED00CC5F64 /* SettingsLabelView.swift in Sources */ = {isa = PBXBuildFile; fileRef = 6A3EF7062A4CF5ED00CC5F64 /* SettingsLabelView.swift */; };
		6ABD513A2A4CBD4B0036E2CC /* FructusApp.swift in Sources */ = {isa = PBXBuildFile; fileRef = 6ABD51392A4CBD4B0036E2CC /* FructusApp.swift */; };
		6ABD513C2A4CBD4B0036E2CC /* ContentView.swift in Sources */ = {isa = PBXBuildFile; fileRef = 6ABD513B2A4CBD4B0036E2CC /* ContentView.swift */; };
		6ABD513E2A4CBD4C0036E2CC /* Assets.xcassets in Resources */ = {isa = PBXBuildFile; fileRef = 6ABD513D2A4CBD4C0036E2CC /* Assets.xcassets */; };
		6ABD51412A4CBD4C0036E2CC /* Preview Assets.xcassets in Resources */ = {isa = PBXBuildFile; fileRef = 6ABD51402A4CBD4C0036E2CC /* Preview Assets.xcassets */; };
		6ABD514A2A4CC07F0036E2CC /* FruitCardView.swift in Sources */ = {isa = PBXBuildFile; fileRef = 6ABD51492A4CC07F0036E2CC /* FruitCardView.swift */; };
/* End PBXBuildFile section */

/* Begin PBXFileReference section */
		6A3EF6F02A4CC75F00CC5F64 /* StartButtonView.swift */ = {isa = PBXFileReference; lastKnownFileType = sourcecode.swift; path = StartButtonView.swift; sourceTree = "<group>"; };
		6A3EF6F22A4CCA2800CC5F64 /* OnBoardingView.swift */ = {isa = PBXFileReference; lastKnownFileType = sourcecode.swift; path = OnBoardingView.swift; sourceTree = "<group>"; };
		6A3EF6F52A4CCB2500CC5F64 /* FruitModel.swift */ = {isa = PBXFileReference; lastKnownFileType = sourcecode.swift; path = FruitModel.swift; sourceTree = "<group>"; };
		6A3EF6F82A4CCC0100CC5F64 /* FruitData.swift */ = {isa = PBXFileReference; lastKnownFileType = sourcecode.swift; path = FruitData.swift; sourceTree = "<group>"; };
		6A3EF6FA2A4CE42E00CC5F64 /* FruitRowView.swift */ = {isa = PBXFileReference; lastKnownFileType = sourcecode.swift; path = FruitRowView.swift; sourceTree = "<group>"; };
		6A3EF6FC2A4CE75800CC5F64 /* FruitDetailView.swift */ = {isa = PBXFileReference; lastKnownFileType = sourcecode.swift; path = FruitDetailView.swift; sourceTree = "<group>"; };
		6A3EF6FE2A4CE9F300CC5F64 /* FruitHeaderView.swift */ = {isa = PBXFileReference; lastKnownFileType = sourcecode.swift; path = FruitHeaderView.swift; sourceTree = "<group>"; };
		6A3EF7002A4CEC7E00CC5F64 /* SourceLinkView.swift */ = {isa = PBXFileReference; lastKnownFileType = sourcecode.swift; path = SourceLinkView.swift; sourceTree = "<group>"; };
		6A3EF7022A4CEE8F00CC5F64 /* FruitNutrientsView.swift */ = {isa = PBXFileReference; lastKnownFileType = sourcecode.swift; path = FruitNutrientsView.swift; sourceTree = "<group>"; };
		6A3EF7042A4CF1B500CC5F64 /* SettingsView.swift */ = {isa = PBXFileReference; lastKnownFileType = sourcecode.swift; path = SettingsView.swift; sourceTree = "<group>"; };
		6A3EF7062A4CF5ED00CC5F64 /* SettingsLabelView.swift */ = {isa = PBXFileReference; lastKnownFileType = sourcecode.swift; path = SettingsLabelView.swift; sourceTree = "<group>"; };
		6ABD51362A4CBD4B0036E2CC /* Fructus.app */ = {isa = PBXFileReference; explicitFileType = wrapper.application; includeInIndex = 0; path = Fructus.app; sourceTree = BUILT_PRODUCTS_DIR; };
		6ABD51392A4CBD4B0036E2CC /* FructusApp.swift */ = {isa = PBXFileReference; lastKnownFileType = sourcecode.swift; path = FructusApp.swift; sourceTree = "<group>"; };
		6ABD513B2A4CBD4B0036E2CC /* ContentView.swift */ = {isa = PBXFileReference; lastKnownFileType = sourcecode.swift; path = ContentView.swift; sourceTree = "<group>"; };
		6ABD513D2A4CBD4C0036E2CC /* Assets.xcassets */ = {isa = PBXFileReference; lastKnownFileType = folder.assetcatalog; path = Assets.xcassets; sourceTree = "<group>"; };
		6ABD51402A4CBD4C0036E2CC /* Preview Assets.xcassets */ = {isa = PBXFileReference; lastKnownFileType = folder.assetcatalog; path = "Preview Assets.xcassets"; sourceTree = "<group>"; };
		6ABD51492A4CC07F0036E2CC /* FruitCardView.swift */ = {isa = PBXFileReference; lastKnownFileType = sourcecode.swift; path = FruitCardView.swift; sourceTree = "<group>"; };
/* End PBXFileReference section */

/* Begin PBXFrameworksBuildPhase section */
		6ABD51332A4CBD4B0036E2CC /* Frameworks */ = {
			isa = PBXFrameworksBuildPhase;
			buildActionMask = 2147483647;
			files = (
			);
			runOnlyForDeploymentPostprocessing = 0;
		};
/* End PBXFrameworksBuildPhase section */

/* Begin PBXGroup section */
		6A3EF6F42A4CCB1A00CC5F64 /* Model */ = {
			isa = PBXGroup;
			children = (
				6A3EF6F52A4CCB2500CC5F64 /* FruitModel.swift */,
			);
			path = Model;
			sourceTree = "<group>";
		};
		6A3EF6F72A4CCBF100CC5F64 /* Data */ = {
			isa = PBXGroup;
			children = (
				6A3EF6F82A4CCC0100CC5F64 /* FruitData.swift */,
			);
			path = Data;
			sourceTree = "<group>";
		};
		6ABD512D2A4CBD4B0036E2CC = {
			isa = PBXGroup;
			children = (
				6ABD51382A4CBD4B0036E2CC /* Fructus */,
				6ABD51372A4CBD4B0036E2CC /* Products */,
			);
			sourceTree = "<group>";
		};
		6ABD51372A4CBD4B0036E2CC /* Products */ = {
			isa = PBXGroup;
			children = (
				6ABD51362A4CBD4B0036E2CC /* Fructus.app */,
			);
			name = Products;
			sourceTree = "<group>";
		};
		6ABD51382A4CBD4B0036E2CC /* Fructus */ = {
			isa = PBXGroup;
			children = (
				6A3EF6F72A4CCBF100CC5F64 /* Data */,
				6A3EF6F42A4CCB1A00CC5F64 /* Model */,
				6ABD51482A4CC06D0036E2CC /* View */,
				6ABD51472A4CC04B0036E2CC /* App */,
				6ABD513D2A4CBD4C0036E2CC /* Assets.xcassets */,
				6ABD513F2A4CBD4C0036E2CC /* Preview Content */,
			);
			path = Fructus;
			sourceTree = "<group>";
		};
		6ABD513F2A4CBD4C0036E2CC /* Preview Content */ = {
			isa = PBXGroup;
			children = (
				6ABD51402A4CBD4C0036E2CC /* Preview Assets.xcassets */,
			);
			path = "Preview Content";
			sourceTree = "<group>";
		};
		6ABD51472A4CC04B0036E2CC /* App */ = {
			isa = PBXGroup;
			children = (
				6ABD51392A4CBD4B0036E2CC /* FructusApp.swift */,
				6ABD513B2A4CBD4B0036E2CC /* ContentView.swift */,
				6A3EF6F22A4CCA2800CC5F64 /* OnBoardingView.swift */,
				6A3EF6FC2A4CE75800CC5F64 /* FruitDetailView.swift */,
				6A3EF7042A4CF1B500CC5F64 /* SettingsView.swift */,
			);
			path = App;
			sourceTree = "<group>";
		};
		6ABD51482A4CC06D0036E2CC /* View */ = {
			isa = PBXGroup;
			children = (
				6ABD51492A4CC07F0036E2CC /* FruitCardView.swift */,
				6A3EF6F02A4CC75F00CC5F64 /* StartButtonView.swift */,
				6A3EF6FA2A4CE42E00CC5F64 /* FruitRowView.swift */,
				6A3EF6FE2A4CE9F300CC5F64 /* FruitHeaderView.swift */,
				6A3EF7002A4CEC7E00CC5F64 /* SourceLinkView.swift */,
				6A3EF7022A4CEE8F00CC5F64 /* FruitNutrientsView.swift */,
				6A3EF7062A4CF5ED00CC5F64 /* SettingsLabelView.swift */,
			);
			path = View;
			sourceTree = "<group>";
		};
/* End PBXGroup section */

/* Begin PBXNativeTarget section */
		6ABD51352A4CBD4B0036E2CC /* Fructus */ = {
			isa = PBXNativeTarget;
			buildConfigurationList = 6ABD51442A4CBD4C0036E2CC /* Build configuration list for PBXNativeTarget "Fructus" */;
			buildPhases = (
				6ABD51322A4CBD4B0036E2CC /* Sources */,
				6ABD51332A4CBD4B0036E2CC /* Frameworks */,
				6ABD51342A4CBD4B0036E2CC /* Resources */,
			);
			buildRules = (
			);
			dependencies = (
			);
			name = Fructus;
			productName = Fructus;
			productReference = 6ABD51362A4CBD4B0036E2CC /* Fructus.app */;
			productType = "com.apple.product-type.application";
		};
/* End PBXNativeTarget section */

/* Begin PBXProject section */
		6ABD512E2A4CBD4B0036E2CC /* Project object */ = {
			isa = PBXProject;
			attributes = {
				BuildIndependentTargetsInParallel = 1;
				LastSwiftUpdateCheck = 1430;
				LastUpgradeCheck = 1430;
				TargetAttributes = {
					6ABD51352A4CBD4B0036E2CC = {
						CreatedOnToolsVersion = 14.3;
					};
				};
			};
			buildConfigurationList = 6ABD51312A4CBD4B0036E2CC /* Build configuration list for PBXProject "Fructus" */;
			compatibilityVersion = "Xcode 14.0";
			developmentRegion = en;
			hasScannedForEncodings = 0;
			knownRegions = (
				en,
				Base,
			);
			mainGroup = 6ABD512D2A4CBD4B0036E2CC;
			productRefGroup = 6ABD51372A4CBD4B0036E2CC /* Products */;
			projectDirPath = "";
			projectRoot = "";
			targets = (
				6ABD51352A4CBD4B0036E2CC /* Fructus */,
			);
		};
/* End PBXProject section */

/* Begin PBXResourcesBuildPhase section */
		6ABD51342A4CBD4B0036E2CC /* Resources */ = {
			isa = PBXResourcesBuildPhase;
			buildActionMask = 2147483647;
			files = (
				6ABD51412A4CBD4C0036E2CC /* Preview Assets.xcassets in Resources */,
				6ABD513E2A4CBD4C0036E2CC /* Assets.xcassets in Resources */,
			);
			runOnlyForDeploymentPostprocessing = 0;
		};
/* End PBXResourcesBuildPhase section */

/* Begin PBXSourcesBuildPhase section */
		6ABD51322A4CBD4B0036E2CC /* Sources */ = {
			isa = PBXSourcesBuildPhase;
			buildActionMask = 2147483647;
			files = (
				6A3EF6F92A4CCC0100CC5F64 /* FruitData.swift in Sources */,
				6A3EF7012A4CEC7E00CC5F64 /* SourceLinkView.swift in Sources */,
				6ABD514A2A4CC07F0036E2CC /* FruitCardView.swift in Sources */,
				6A3EF6FB2A4CE42E00CC5F64 /* FruitRowView.swift in Sources */,
				6A3EF7032A4CEE8F00CC5F64 /* FruitNutrientsView.swift in Sources */,
				6A3EF6F12A4CC75F00CC5F64 /* StartButtonView.swift in Sources */,
				6A3EF6FD2A4CE75800CC5F64 /* FruitDetailView.swift in Sources */,
				6ABD513C2A4CBD4B0036E2CC /* ContentView.swift in Sources */,
				6A3EF6FF2A4CE9F300CC5F64 /* FruitHeaderView.swift in Sources */,
				6A3EF6F32A4CCA2800CC5F64 /* OnBoardingView.swift in Sources */,
				6A3EF7072A4CF5ED00CC5F64 /* SettingsLabelView.swift in Sources */,
				6A3EF6F62A4CCB2500CC5F64 /* FruitModel.swift in Sources */,
				6ABD513A2A4CBD4B0036E2CC /* FructusApp.swift in Sources */,
				6A3EF7052A4CF1B500CC5F64 /* SettingsView.swift in Sources */,
			);
			runOnlyForDeploymentPostprocessing = 0;
		};
/* End PBXSourcesBuildPhase section */

/* Begin XCBuildConfiguration section */
		6ABD51422A4CBD4C0036E2CC /* Debug */ = {
			isa = XCBuildConfiguration;
			buildSettings = {
				ALWAYS_SEARCH_USER_PATHS = NO;
				CLANG_ANALYZER_NONNULL = YES;
				CLANG_ANALYZER_NUMBER_OBJECT_CONVERSION = YES_AGGRESSIVE;
				CLANG_CXX_LANGUAGE_STANDARD = "gnu++20";
				CLANG_ENABLE_MODULES = YES;
				CLANG_ENABLE_OBJC_ARC = YES;
				CLANG_ENABLE_OBJC_WEAK = YES;
				CLANG_WARN_BLOCK_CAPTURE_AUTORELEASING = YES;
				CLANG_WARN_BOOL_CONVERSION = YES;
				CLANG_WARN_COMMA = YES;
				CLANG_WARN_CONSTANT_CONVERSION = YES;
				CLANG_WARN_DEPRECATED_OBJC_IMPLEMENTATIONS = YES;
				CLANG_WARN_DIRECT_OBJC_ISA_USAGE = YES_ERROR;
				CLANG_WARN_DOCUMENTATION_COMMENTS = YES;
				CLANG_WARN_EMPTY_BODY = YES;
				CLANG_WARN_ENUM_CONVERSION = YES;
				CLANG_WARN_INFINITE_RECURSION = YES;
				CLANG_WARN_INT_CONVERSION = YES;
				CLANG_WARN_NON_LITERAL_NULL_CONVERSION = YES;
				CLANG_WARN_OBJC_IMPLICIT_RETAIN_SELF = YES;
				CLANG_WARN_OBJC_LITERAL_CONVERSION = YES;
				CLANG_WARN_OBJC_ROOT_CLASS = YES_ERROR;
				CLANG_WARN_QUOTED_INCLUDE_IN_FRAMEWORK_HEADER = YES;
				CLANG_WARN_RANGE_LOOP_ANALYSIS = YES;
				CLANG_WARN_STRICT_PROTOTYPES = YES;
				CLANG_WARN_SUSPICIOUS_MOVE = YES;
				CLANG_WARN_UNGUARDED_AVAILABILITY = YES_AGGRESSIVE;
				CLANG_WARN_UNREACHABLE_CODE = YES;
				CLANG_WARN__DUPLICATE_METHOD_MATCH = YES;
				COPY_PHASE_STRIP = NO;
				DEBUG_INFORMATION_FORMAT = dwarf;
				ENABLE_STRICT_OBJC_MSGSEND = YES;
				ENABLE_TESTABILITY = YES;
				GCC_C_LANGUAGE_STANDARD = gnu11;
				GCC_DYNAMIC_NO_PIC = NO;
				GCC_NO_COMMON_BLOCKS = YES;
				GCC_OPTIMIZATION_LEVEL = 0;
				GCC_PREPROCESSOR_DEFINITIONS = (
					"DEBUG=1",
					"$(inherited)",
				);
				GCC_WARN_64_TO_32_BIT_CONVERSION = YES;
				GCC_WARN_ABOUT_RETURN_TYPE = YES_ERROR;
				GCC_WARN_UNDECLARED_SELECTOR = YES;
				GCC_WARN_UNINITIALIZED_AUTOS = YES_AGGRESSIVE;
				GCC_WARN_UNUSED_FUNCTION = YES;
				GCC_WARN_UNUSED_VARIABLE = YES;
				IPHONEOS_DEPLOYMENT_TARGET = 16.4;
				MTL_ENABLE_DEBUG_INFO = INCLUDE_SOURCE;
				MTL_FAST_MATH = YES;
				ONLY_ACTIVE_ARCH = YES;
				SDKROOT = iphoneos;
				SWIFT_ACTIVE_COMPILATION_CONDITIONS = DEBUG;
				SWIFT_OPTIMIZATION_LEVEL = "-Onone";
			};
			name = Debug;
		};
		6ABD51432A4CBD4C0036E2CC /* Release */ = {
			isa = XCBuildConfiguration;
			buildSettings = {
				ALWAYS_SEARCH_USER_PATHS = NO;
				CLANG_ANALYZER_NONNULL = YES;
				CLANG_ANALYZER_NUMBER_OBJECT_CONVERSION = YES_AGGRESSIVE;
				CLANG_CXX_LANGUAGE_STANDARD = "gnu++20";
				CLANG_ENABLE_MODULES = YES;
				CLANG_ENABLE_OBJC_ARC = YES;
				CLANG_ENABLE_OBJC_WEAK = YES;
				CLANG_WARN_BLOCK_CAPTURE_AUTORELEASING = YES;
				CLANG_WARN_BOOL_CONVERSION = YES;
				CLANG_WARN_COMMA = YES;
				CLANG_WARN_CONSTANT_CONVERSION = YES;
				CLANG_WARN_DEPRECATED_OBJC_IMPLEMENTATIONS = YES;
				CLANG_WARN_DIRECT_OBJC_ISA_USAGE = YES_ERROR;
				CLANG_WARN_DOCUMENTATION_COMMENTS = YES;
				CLANG_WARN_EMPTY_BODY = YES;
				CLANG_WARN_ENUM_CONVERSION = YES;
				CLANG_WARN_INFINITE_RECURSION = YES;
				CLANG_WARN_INT_CONVERSION = YES;
				CLANG_WARN_NON_LITERAL_NULL_CONVERSION = YES;
				CLANG_WARN_OBJC_IMPLICIT_RETAIN_SELF = YES;
				CLANG_WARN_OBJC_LITERAL_CONVERSION = YES;
				CLANG_WARN_OBJC_ROOT_CLASS = YES_ERROR;
				CLANG_WARN_QUOTED_INCLUDE_IN_FRAMEWORK_HEADER = YES;
				CLANG_WARN_RANGE_LOOP_ANALYSIS = YES;
				CLANG_WARN_STRICT_PROTOTYPES = YES;
				CLANG_WARN_SUSPICIOUS_MOVE = YES;
				CLANG_WARN_UNGUARDED_AVAILABILITY = YES_AGGRESSIVE;
				CLANG_WARN_UNREACHABLE_CODE = YES;
				CLANG_WARN__DUPLICATE_METHOD_MATCH = YES;
				COPY_PHASE_STRIP = NO;
				DEBUG_INFORMATION_FORMAT = "dwarf-with-dsym";
				ENABLE_NS_ASSERTIONS = NO;
				ENABLE_STRICT_OBJC_MSGSEND = YES;
				GCC_C_LANGUAGE_STANDARD = gnu11;
				GCC_NO_COMMON_BLOCKS = YES;
				GCC_WARN_64_TO_32_BIT_CONVERSION = YES;
				GCC_WARN_ABOUT_RETURN_TYPE = YES_ERROR;
				GCC_WARN_UNDECLARED_SELECTOR = YES;
				GCC_WARN_UNINITIALIZED_AUTOS = YES_AGGRESSIVE;
				GCC_WARN_UNUSED_FUNCTION = YES;
				GCC_WARN_UNUSED_VARIABLE = YES;
				IPHONEOS_DEPLOYMENT_TARGET = 16.4;
				MTL_ENABLE_DEBUG_INFO = NO;
				MTL_FAST_MATH = YES;
				SDKROOT = iphoneos;
				SWIFT_COMPILATION_MODE = wholemodule;
				SWIFT_OPTIMIZATION_LEVEL = "-O";
				VALIDATE_PRODUCT = YES;
			};
			name = Release;
		};
		6ABD51452A4CBD4C0036E2CC /* Debug */ = {
			isa = XCBuildConfiguration;
			buildSettings = {
				ASSETCATALOG_COMPILER_APPICON_NAME = AppIcon;
				ASSETCATALOG_COMPILER_GLOBAL_ACCENT_COLOR_NAME = AccentColor;
				CODE_SIGN_STYLE = Automatic;
				CURRENT_PROJECT_VERSION = 1;
				DEVELOPMENT_ASSET_PATHS = "\"Fructus/Preview Content\"";
				DEVELOPMENT_TEAM = Y5JW4F4D62;
				ENABLE_PREVIEWS = YES;
				GENERATE_INFOPLIST_FILE = YES;
				INFOPLIST_KEY_UIApplicationSceneManifest_Generation = YES;
				INFOPLIST_KEY_UIApplicationSupportsIndirectInputEvents = YES;
				INFOPLIST_KEY_UILaunchScreen_Generation = YES;
				INFOPLIST_KEY_UISupportedInterfaceOrientations_iPad = "UIInterfaceOrientationPortrait UIInterfaceOrientationPortraitUpsideDown UIInterfaceOrientationLandscapeLeft UIInterfaceOrientationLandscapeRight";
				INFOPLIST_KEY_UISupportedInterfaceOrientations_iPhone = "UIInterfaceOrientationPortrait UIInterfaceOrientationLandscapeLeft UIInterfaceOrientationLandscapeRight";
				LD_RUNPATH_SEARCH_PATHS = (
					"$(inherited)",
					"@executable_path/Frameworks",
				);
				MARKETING_VERSION = 1.0;
				PRODUCT_BUNDLE_IDENTIFIER = com.elifbilgeparlak.Fructus;
				PRODUCT_NAME = "$(TARGET_NAME)";
				SWIFT_EMIT_LOC_STRINGS = YES;
				SWIFT_VERSION = 5.0;
				TARGETED_DEVICE_FAMILY = "1,2";
			};
			name = Debug;
		};
		6ABD51462A4CBD4C0036E2CC /* Release */ = {
			isa = XCBuildConfiguration;
			buildSettings = {
				ASSETCATALOG_COMPILER_APPICON_NAME = AppIcon;
				ASSETCATALOG_COMPILER_GLOBAL_ACCENT_COLOR_NAME = AccentColor;
				CODE_SIGN_STYLE = Automatic;
				CURRENT_PROJECT_VERSION = 1;
				DEVELOPMENT_ASSET_PATHS = "\"Fructus/Preview Content\"";
				DEVELOPMENT_TEAM = Y5JW4F4D62;
				ENABLE_PREVIEWS = YES;
				GENERATE_INFOPLIST_FILE = YES;
				INFOPLIST_KEY_UIApplicationSceneManifest_Generation = YES;
				INFOPLIST_KEY_UIApplicationSupportsIndirectInputEvents = YES;
				INFOPLIST_KEY_UILaunchScreen_Generation = YES;
				INFOPLIST_KEY_UISupportedInterfaceOrientations_iPad = "UIInterfaceOrientationPortrait UIInterfaceOrientationPortraitUpsideDown UIInterfaceOrientationLandscapeLeft UIInterfaceOrientationLandscapeRight";
				INFOPLIST_KEY_UISupportedInterfaceOrientations_iPhone = "UIInterfaceOrientationPortrait UIInterfaceOrientationLandscapeLeft UIInterfaceOrientationLandscapeRight";
				LD_RUNPATH_SEARCH_PATHS = (
					"$(inherited)",
					"@executable_path/Frameworks",
				);
				MARKETING_VERSION = 1.0;
				PRODUCT_BUNDLE_IDENTIFIER = com.elifbilgeparlak.Fructus;
				PRODUCT_NAME = "$(TARGET_NAME)";
				SWIFT_EMIT_LOC_STRINGS = YES;
				SWIFT_VERSION = 5.0;
				TARGETED_DEVICE_FAMILY = "1,2";
			};
			name = Release;
		};
/* End XCBuildConfiguration section */

/* Begin XCConfigurationList section */
		6ABD51312A4CBD4B0036E2CC /* Build configuration list for PBXProject "Fructus" */ = {
			isa = XCConfigurationList;
			buildConfigurations = (
				6ABD51422A4CBD4C0036E2CC /* Debug */,
				6ABD51432A4CBD4C0036E2CC /* Release */,
			);
			defaultConfigurationIsVisible = 0;
			defaultConfigurationName = Release;
		};
		6ABD51442A4CBD4C0036E2CC /* Build configuration list for PBXNativeTarget "Fructus" */ = {
			isa = XCConfigurationList;
			buildConfigurations = (
				6ABD51452A4CBD4C0036E2CC /* Debug */,
				6ABD51462A4CBD4C0036E2CC /* Release */,
			);
			defaultConfigurationIsVisible = 0;
			defaultConfigurationName = Release;
		};
/* End XCConfigurationList section */
	};
	rootObject = 6ABD512E2A4CBD4B0036E2CC /* Project object */;
}
